// !$*UTF8*$!
{
	archiveVersion = 1;
	classes = {
	};
	objectVersion = 46;
	objects = {

/* Begin PBXFileReference section */
		CA27F3A41ED3682A003F4813 /* client-debian */ = {isa = PBXFileReference; lastKnownFileType = folder; path = "client-debian"; sourceTree = "<group>"; };
		CA89F8421ED595E30018A205 /* cloud-debian */ = {isa = PBXFileReference; lastKnownFileType = folder; path = "cloud-debian"; sourceTree = "<group>"; };
		CAC8F86C203EF6ED00160A42 /* gpg2sid.sh */ = {isa = PBXFileReference; lastKnownFileType = text.script.sh; path = gpg2sid.sh; sourceTree = "<group>"; };
		CAD637F6203AED6A00CA7577 /* LICENSE */ = {isa = PBXFileReference; lastKnownFileType = text; path = LICENSE; sourceTree = "<group>"; };
		CAD637F7203AED7100CA7577 /* README.md */ = {isa = PBXFileReference; lastKnownFileType = net.daringfireball.markdown; path = README.md; sourceTree = "<group>"; };
/* End PBXFileReference section */

/* Begin PBXGroup section */
		CA6867431B03997100DB9422 = {
			isa = PBXGroup;
			children = (
				CA27F3A41ED3682A003F4813 /* client-debian */,
				CA89F8421ED595E30018A205 /* cloud-debian */,
				CAC8F86C203EF6ED00160A42 /* gpg2sid.sh */,
				CAD637F6203AED6A00CA7577 /* LICENSE */,
				CAD637F7203AED7100CA7577 /* README.md */,
			);
			sourceTree = "<group>";
		};
/* End PBXGroup section */

/* Begin PBXProject section */
		CA6867441B03997100DB9422 /* Project object */ = {
			isa = PBXProject;
			attributes = {
				LastUpgradeCheck = 0630;
			};
			buildConfigurationList = CA6867471B03997100DB9422 /* Build configuration list for PBXProject "packaging" */;
			compatibilityVersion = "Xcode 3.2";
			developmentRegion = English;
			hasScannedForEncodings = 0;
			knownRegions = (
				en,
			);
			mainGroup = CA6867431B03997100DB9422;
			projectDirPath = "";
			projectRoot = "";
			targets = (
			);
		};
/* End PBXProject section */

/* Begin XCBuildConfiguration section */
		CA6867481B03997100DB9422 /* Debug */ = {
			isa = XCBuildConfiguration;
			buildSettings = {
			};
			name = Debug;
		};
		CA6867491B03997100DB9422 /* Release */ = {
			isa = XCBuildConfiguration;
			buildSettings = {
			};
			name = Release;
		};
/* End XCBuildConfiguration section */

/* Begin XCConfigurationList section */
		CA6867471B03997100DB9422 /* Build configuration list for PBXProject "packaging" */ = {
			isa = XCConfigurationList;
			buildConfigurations = (
				CA6867481B03997100DB9422 /* Debug */,
				CA6867491B03997100DB9422 /* Release */,
			);
			defaultConfigurationIsVisible = 0;
			defaultConfigurationName = Release;
		};
/* End XCConfigurationList section */
	};
	rootObject = CA6867441B03997100DB9422 /* Project object */;
}
